// !$*UTF8*$!
{
	archiveVersion = 1;
	classes = {
	};
	objectVersion = 52;
	objects = {

/* Begin PBXBuildFile section */
		6951BE762578BC0600272C2D /* MainView.swift in Sources */ = {isa = PBXBuildFile; fileRef = 6951BE752578BC0600272C2D /* MainView.swift */; };
		6951BE792578BD5A00272C2D /* LoginView.swift in Sources */ = {isa = PBXBuildFile; fileRef = 6951BE782578BD5A00272C2D /* LoginView.swift */; };
		6951BE7D2578BEC600272C2D /* Settings.swift in Sources */ = {isa = PBXBuildFile; fileRef = 6951BE7C2578BEC600272C2D /* Settings.swift */; };
		6951BE802578BED100272C2D /* PasswordReset.swift in Sources */ = {isa = PBXBuildFile; fileRef = 6951BE7F2578BED100272C2D /* PasswordReset.swift */; };
		6951BE852579427B00272C2D /* PastProjectsData.json in Resources */ = {isa = PBXBuildFile; fileRef = 6951BE842579427B00272C2D /* PastProjectsData.json */; };
		6951BE882579485900272C2D /* PastProjectStruct.swift in Sources */ = {isa = PBXBuildFile; fileRef = 6951BE872579485900272C2D /* PastProjectStruct.swift */; };
		6951BE8B257949F900272C2D /* Project.swift in Sources */ = {isa = PBXBuildFile; fileRef = 6951BE8A257949F900272C2D /* Project.swift */; };
		6951BE8E25794A8D00272C2D /* Photo.swift in Sources */ = {isa = PBXBuildFile; fileRef = 6951BE8D25794A8D00272C2D /* Photo.swift */; };
		6951BE9125794AEA00272C2D /* Audio.swift in Sources */ = {isa = PBXBuildFile; fileRef = 6951BE9025794AEA00272C2D /* Audio.swift */; };
		6951BEC3257DE9BD00272C2D /* TicketData.json in Resources */ = {isa = PBXBuildFile; fileRef = 6951BEC2257DE9BD00272C2D /* TicketData.json */; };
		6951BEC6257DEC7E00272C2D /* PastProjectsData.swift in Sources */ = {isa = PBXBuildFile; fileRef = 6951BEC5257DEC7E00272C2D /* PastProjectsData.swift */; };
		6951BED8257E36A300272C2D /* PhotoImageFromBinaryData.swift in Sources */ = {isa = PBXBuildFile; fileRef = 6951BED7257E36A300272C2D /* PhotoImageFromBinaryData.swift */; };
		6951BEDB257E37B400272C2D /* NavigationStyle.swift in Sources */ = {isa = PBXBuildFile; fileRef = 6951BEDA257E37B400272C2D /* NavigationStyle.swift */; };
		6951BEE0257E4FAD00272C2D /* PhotoCaptureView.swift in Sources */ = {isa = PBXBuildFile; fileRef = 6951BEDF257E4FAD00272C2D /* PhotoCaptureView.swift */; };
		6951BEE4257E4FB700272C2D /* ImagePicker.swift in Sources */ = {isa = PBXBuildFile; fileRef = 6951BEE3257E4FB700272C2D /* ImagePicker.swift */; };
		B711D76825618ED600F8158B /* AppDelegate.swift in Sources */ = {isa = PBXBuildFile; fileRef = B711D76725618ED600F8158B /* AppDelegate.swift */; };
		B711D76A25618ED600F8158B /* SceneDelegate.swift in Sources */ = {isa = PBXBuildFile; fileRef = B711D76925618ED600F8158B /* SceneDelegate.swift */; };
		B711D76C25618ED600F8158B /* ContentView.swift in Sources */ = {isa = PBXBuildFile; fileRef = B711D76B25618ED600F8158B /* ContentView.swift */; };
		B711D77125618ED700F8158B /* Assets.xcassets in Resources */ = {isa = PBXBuildFile; fileRef = B711D77025618ED700F8158B /* Assets.xcassets */; };
		B711D77425618ED700F8158B /* Preview Assets.xcassets in Resources */ = {isa = PBXBuildFile; fileRef = B711D77325618ED700F8158B /* Preview Assets.xcassets */; };
		B711D77725618ED700F8158B /* LaunchScreen.storyboard in Resources */ = {isa = PBXBuildFile; fileRef = B711D77525618ED700F8158B /* LaunchScreen.storyboard */; };
		B711D7882561952000F8158B /* QuoteStruct.swift in Sources */ = {isa = PBXBuildFile; fileRef = B711D7872561952000F8158B /* QuoteStruct.swift */; };
		B76967082579688000CBE4AC /* Agile_Suite.xcdatamodeld in Sources */ = {isa = PBXBuildFile; fileRef = B76967062579688000CBE4AC /* Agile_Suite.xcdatamodeld */; };
		B7696714257C3E5B00CBE4AC /* Statistics.swift in Sources */ = {isa = PBXBuildFile; fileRef = B7696713257C3E5B00CBE4AC /* Statistics.swift */; };
		B7696717257C5C7000CBE4AC /* StatsData.swift in Sources */ = {isa = PBXBuildFile; fileRef = B7696716257C5C7000CBE4AC /* StatsData.swift */; };
		B769671B257C5DCB00CBE4AC /* Graphs.swift in Sources */ = {isa = PBXBuildFile; fileRef = B769671A257C5DCB00CBE4AC /* Graphs.swift */; };
		B7696797258076DB00CBE4AC /* AddProject.swift in Sources */ = {isa = PBXBuildFile; fileRef = B7696796258076DB00CBE4AC /* AddProject.swift */; };
		B769679A258076F600CBE4AC /* ProjectDetails.swift in Sources */ = {isa = PBXBuildFile; fileRef = B7696799258076F600CBE4AC /* ProjectDetails.swift */; };
		B769679D2580770800CBE4AC /* ProjectItem.swift in Sources */ = {isa = PBXBuildFile; fileRef = B769679C2580770800CBE4AC /* ProjectItem.swift */; };
		B76967A02580771700CBE4AC /* ProjectsList.swift in Sources */ = {isa = PBXBuildFile; fileRef = B769679F2580771700CBE4AC /* ProjectsList.swift */; };
		B76967A825807CCF00CBE4AC /* ChartApiData.swift in Sources */ = {isa = PBXBuildFile; fileRef = B76967A725807CCF00CBE4AC /* ChartApiData.swift */; };
		B76967AC258086F600CBE4AC /* SwiftUICharts in Frameworks */ = {isa = PBXBuildFile; productRef = B76967AB258086F600CBE4AC /* SwiftUICharts */; };
		B76967B925809CFE00CBE4AC /* WidgetKit.framework in Frameworks */ = {isa = PBXBuildFile; fileRef = B76967B825809CFE00CBE4AC /* WidgetKit.framework */; };
		B76967BB25809CFE00CBE4AC /* SwiftUI.framework in Frameworks */ = {isa = PBXBuildFile; fileRef = B76967BA25809CFE00CBE4AC /* SwiftUI.framework */; };
		B76967BE25809CFE00CBE4AC /* Agile_Suite_Widget.swift in Sources */ = {isa = PBXBuildFile; fileRef = B76967BD25809CFE00CBE4AC /* Agile_Suite_Widget.swift */; };
		B76967C125809D0000CBE4AC /* Assets.xcassets in Resources */ = {isa = PBXBuildFile; fileRef = B76967C025809D0000CBE4AC /* Assets.xcassets */; };
		B76967C325809D0000CBE4AC /* Agile_Suite_Widget.intentdefinition in Sources */ = {isa = PBXBuildFile; fileRef = B76967BF25809CFE00CBE4AC /* Agile_Suite_Widget.intentdefinition */; };
		B76967C425809D0000CBE4AC /* Agile_Suite_Widget.intentdefinition in Sources */ = {isa = PBXBuildFile; fileRef = B76967BF25809CFE00CBE4AC /* Agile_Suite_Widget.intentdefinition */; };
		B76967C725809D0000CBE4AC /* Agile Suite WidgetExtension.appex in Embed App Extensions */ = {isa = PBXBuildFile; fileRef = B76967B725809CFE00CBE4AC /* Agile Suite WidgetExtension.appex */; settings = {ATTRIBUTES = (RemoveHeadersOnCopy, ); }; };
		B79257C52566324400E07151 /* CloudKit.framework in Frameworks */ = {isa = PBXBuildFile; fileRef = B79257C42566324400E07151 /* CloudKit.framework */; };
		B79257D42576CF0E00E07151 /* Break.swift in Sources */ = {isa = PBXBuildFile; fileRef = B79257D32576CF0E00E07151 /* Break.swift */; };
		B79257D82576CFD900E07151 /* UserData.swift in Sources */ = {isa = PBXBuildFile; fileRef = B79257D72576CFD900E07151 /* UserData.swift */; };
		B79257DB2576D07500E07151 /* TimerData.swift in Sources */ = {isa = PBXBuildFile; fileRef = B79257DA2576D07500E07151 /* TimerData.swift */; };
		B79257DE2576D0B700E07151 /* Sound Files in Resources */ = {isa = PBXBuildFile; fileRef = B79257DD2576D0B700E07151 /* Sound Files */; };
		B79257E12576D14E00E07151 /* NonWork.swift in Sources */ = {isa = PBXBuildFile; fileRef = B79257E02576D14E00E07151 /* NonWork.swift */; };
		B79257E42576D24700E07151 /* Quotes.swift in Sources */ = {isa = PBXBuildFile; fileRef = B79257E32576D24700E07151 /* Quotes.swift */; };
		B79257E72576D24E00E07151 /* Game.swift in Sources */ = {isa = PBXBuildFile; fileRef = B79257E62576D24E00E07151 /* Game.swift */; };
		B79257EB2576D89700E07151 /* QuoteApiData.swift in Sources */ = {isa = PBXBuildFile; fileRef = B79257EA2576D89700E07151 /* QuoteApiData.swift */; };
		B79257F02578317900E07151 /* TicketsList.swift in Sources */ = {isa = PBXBuildFile; fileRef = B79257EF2578317900E07151 /* TicketsList.swift */; };
		B79257F4257832D900E07151 /* Ticket.swift in Sources */ = {isa = PBXBuildFile; fileRef = B79257F3257832D900E07151 /* Ticket.swift */; };
		B79257FB2578338A00E07151 /* TicketData.swift in Sources */ = {isa = PBXBuildFile; fileRef = B79257FA2578338A00E07151 /* TicketData.swift */; };
		B79257FE257833D300E07151 /* TicketStruct.swift in Sources */ = {isa = PBXBuildFile; fileRef = B79257FD257833D300E07151 /* TicketStruct.swift */; };
		B792580F2578379900E07151 /* TicketItem.swift in Sources */ = {isa = PBXBuildFile; fileRef = B792580E2578379900E07151 /* TicketItem.swift */; };
		B792581325783A5F00E07151 /* TicketDetails.swift in Sources */ = {isa = PBXBuildFile; fileRef = B792581225783A5F00E07151 /* TicketDetails.swift */; };
		B79258162578831900E07151 /* AddTicket.swift in Sources */ = {isa = PBXBuildFile; fileRef = B79258152578831900E07151 /* AddTicket.swift */; };
		B792581D2579641700E07151 /* UtilityFunctions.swift in Sources */ = {isa = PBXBuildFile; fileRef = B792581C2579641700E07151 /* UtilityFunctions.swift */; };
/* End PBXBuildFile section */

/* Begin PBXContainerItemProxy section */
		B76967C525809D0000CBE4AC /* PBXContainerItemProxy */ = {
			isa = PBXContainerItemProxy;
			containerPortal = B711D75C25618ED600F8158B /* Project object */;
			proxyType = 1;
			remoteGlobalIDString = B76967B625809CFE00CBE4AC;
			remoteInfo = "Agile Suite WidgetExtension";
		};
/* End PBXContainerItemProxy section */

/* Begin PBXCopyFilesBuildPhase section */
		B76967C825809D0000CBE4AC /* Embed App Extensions */ = {
			isa = PBXCopyFilesBuildPhase;
			buildActionMask = 2147483647;
			dstPath = "";
			dstSubfolderSpec = 13;
			files = (
				B76967C725809D0000CBE4AC /* Agile Suite WidgetExtension.appex in Embed App Extensions */,
			);
			name = "Embed App Extensions";
			runOnlyForDeploymentPostprocessing = 0;
		};
/* End PBXCopyFilesBuildPhase section */

/* Begin PBXFileReference section */
		6951BE752578BC0600272C2D /* MainView.swift */ = {isa = PBXFileReference; lastKnownFileType = sourcecode.swift; path = MainView.swift; sourceTree = "<group>"; };
		6951BE782578BD5A00272C2D /* LoginView.swift */ = {isa = PBXFileReference; lastKnownFileType = sourcecode.swift; path = LoginView.swift; sourceTree = "<group>"; };
		6951BE7C2578BEC600272C2D /* Settings.swift */ = {isa = PBXFileReference; lastKnownFileType = sourcecode.swift; path = Settings.swift; sourceTree = "<group>"; };
		6951BE7F2578BED100272C2D /* PasswordReset.swift */ = {isa = PBXFileReference; lastKnownFileType = sourcecode.swift; path = PasswordReset.swift; sourceTree = "<group>"; };
		6951BE842579427B00272C2D /* PastProjectsData.json */ = {isa = PBXFileReference; fileEncoding = 4; lastKnownFileType = text.json; path = PastProjectsData.json; sourceTree = "<group>"; };
		6951BE872579485900272C2D /* PastProjectStruct.swift */ = {isa = PBXFileReference; lastKnownFileType = sourcecode.swift; path = PastProjectStruct.swift; sourceTree = "<group>"; };
		6951BE8A257949F900272C2D /* Project.swift */ = {isa = PBXFileReference; lastKnownFileType = sourcecode.swift; path = Project.swift; sourceTree = "<group>"; };
		6951BE8D25794A8D00272C2D /* Photo.swift */ = {isa = PBXFileReference; lastKnownFileType = sourcecode.swift; path = Photo.swift; sourceTree = "<group>"; };
		6951BE9025794AEA00272C2D /* Audio.swift */ = {isa = PBXFileReference; lastKnownFileType = sourcecode.swift; path = Audio.swift; sourceTree = "<group>"; };
		6951BEC2257DE9BD00272C2D /* TicketData.json */ = {isa = PBXFileReference; fileEncoding = 4; lastKnownFileType = text.json; path = TicketData.json; sourceTree = "<group>"; };
		6951BEC5257DEC7E00272C2D /* PastProjectsData.swift */ = {isa = PBXFileReference; lastKnownFileType = sourcecode.swift; path = PastProjectsData.swift; sourceTree = "<group>"; };
		6951BED7257E36A300272C2D /* PhotoImageFromBinaryData.swift */ = {isa = PBXFileReference; lastKnownFileType = sourcecode.swift; path = PhotoImageFromBinaryData.swift; sourceTree = "<group>"; };
		6951BEDA257E37B400272C2D /* NavigationStyle.swift */ = {isa = PBXFileReference; lastKnownFileType = sourcecode.swift; path = NavigationStyle.swift; sourceTree = "<group>"; };
		6951BEDF257E4FAD00272C2D /* PhotoCaptureView.swift */ = {isa = PBXFileReference; lastKnownFileType = sourcecode.swift; path = PhotoCaptureView.swift; sourceTree = "<group>"; };
		6951BEE3257E4FB700272C2D /* ImagePicker.swift */ = {isa = PBXFileReference; lastKnownFileType = sourcecode.swift; path = ImagePicker.swift; sourceTree = "<group>"; };
		B711D76425618ED600F8158B /* Agile Suite.app */ = {isa = PBXFileReference; explicitFileType = wrapper.application; includeInIndex = 0; path = "Agile Suite.app"; sourceTree = BUILT_PRODUCTS_DIR; };
		B711D76725618ED600F8158B /* AppDelegate.swift */ = {isa = PBXFileReference; lastKnownFileType = sourcecode.swift; path = AppDelegate.swift; sourceTree = "<group>"; };
		B711D76925618ED600F8158B /* SceneDelegate.swift */ = {isa = PBXFileReference; lastKnownFileType = sourcecode.swift; path = SceneDelegate.swift; sourceTree = "<group>"; };
		B711D76B25618ED600F8158B /* ContentView.swift */ = {isa = PBXFileReference; lastKnownFileType = sourcecode.swift; path = ContentView.swift; sourceTree = "<group>"; };
		B711D77025618ED700F8158B /* Assets.xcassets */ = {isa = PBXFileReference; lastKnownFileType = folder.assetcatalog; path = Assets.xcassets; sourceTree = "<group>"; };
		B711D77325618ED700F8158B /* Preview Assets.xcassets */ = {isa = PBXFileReference; lastKnownFileType = folder.assetcatalog; path = "Preview Assets.xcassets"; sourceTree = "<group>"; };
		B711D77625618ED700F8158B /* Base */ = {isa = PBXFileReference; lastKnownFileType = file.storyboard; name = Base; path = Base.lproj/LaunchScreen.storyboard; sourceTree = "<group>"; };
		B711D77825618ED700F8158B /* Info.plist */ = {isa = PBXFileReference; lastKnownFileType = text.plist.xml; path = Info.plist; sourceTree = "<group>"; };
		B711D7872561952000F8158B /* QuoteStruct.swift */ = {isa = PBXFileReference; lastKnownFileType = sourcecode.swift; path = QuoteStruct.swift; sourceTree = "<group>"; };
		B76967072579688000CBE4AC /* Agile_Suite.xcdatamodel */ = {isa = PBXFileReference; lastKnownFileType = wrapper.xcdatamodel; path = Agile_Suite.xcdatamodel; sourceTree = "<group>"; };
		B7696713257C3E5B00CBE4AC /* Statistics.swift */ = {isa = PBXFileReference; lastKnownFileType = sourcecode.swift; path = Statistics.swift; sourceTree = "<group>"; };
		B7696716257C5C7000CBE4AC /* StatsData.swift */ = {isa = PBXFileReference; lastKnownFileType = sourcecode.swift; path = StatsData.swift; sourceTree = "<group>"; };
		B769671A257C5DCB00CBE4AC /* Graphs.swift */ = {isa = PBXFileReference; lastKnownFileType = sourcecode.swift; path = Graphs.swift; sourceTree = "<group>"; };
		B7696796258076DB00CBE4AC /* AddProject.swift */ = {isa = PBXFileReference; fileEncoding = 4; lastKnownFileType = sourcecode.swift; path = AddProject.swift; sourceTree = "<group>"; };
		B7696799258076F600CBE4AC /* ProjectDetails.swift */ = {isa = PBXFileReference; fileEncoding = 4; lastKnownFileType = sourcecode.swift; path = ProjectDetails.swift; sourceTree = "<group>"; };
		B769679C2580770800CBE4AC /* ProjectItem.swift */ = {isa = PBXFileReference; fileEncoding = 4; lastKnownFileType = sourcecode.swift; path = ProjectItem.swift; sourceTree = "<group>"; };
		B769679F2580771700CBE4AC /* ProjectsList.swift */ = {isa = PBXFileReference; fileEncoding = 4; lastKnownFileType = sourcecode.swift; path = ProjectsList.swift; sourceTree = "<group>"; };
		B76967A725807CCF00CBE4AC /* ChartApiData.swift */ = {isa = PBXFileReference; lastKnownFileType = sourcecode.swift; path = ChartApiData.swift; sourceTree = "<group>"; };
		B76967B725809CFE00CBE4AC /* Agile Suite WidgetExtension.appex */ = {isa = PBXFileReference; explicitFileType = "wrapper.app-extension"; includeInIndex = 0; path = "Agile Suite WidgetExtension.appex"; sourceTree = BUILT_PRODUCTS_DIR; };
		B76967B825809CFE00CBE4AC /* WidgetKit.framework */ = {isa = PBXFileReference; lastKnownFileType = wrapper.framework; name = WidgetKit.framework; path = System/Library/Frameworks/WidgetKit.framework; sourceTree = SDKROOT; };
		B76967BA25809CFE00CBE4AC /* SwiftUI.framework */ = {isa = PBXFileReference; lastKnownFileType = wrapper.framework; name = SwiftUI.framework; path = System/Library/Frameworks/SwiftUI.framework; sourceTree = SDKROOT; };
		B76967BD25809CFE00CBE4AC /* Agile_Suite_Widget.swift */ = {isa = PBXFileReference; lastKnownFileType = sourcecode.swift; path = Agile_Suite_Widget.swift; sourceTree = "<group>"; };
		B76967BF25809CFE00CBE4AC /* Agile_Suite_Widget.intentdefinition */ = {isa = PBXFileReference; lastKnownFileType = file.intentdefinition; path = Agile_Suite_Widget.intentdefinition; sourceTree = "<group>"; };
		B76967C025809D0000CBE4AC /* Assets.xcassets */ = {isa = PBXFileReference; lastKnownFileType = folder.assetcatalog; path = Assets.xcassets; sourceTree = "<group>"; };
		B76967C225809D0000CBE4AC /* Info.plist */ = {isa = PBXFileReference; lastKnownFileType = text.plist.xml; path = Info.plist; sourceTree = "<group>"; };
		B79257C42566324400E07151 /* CloudKit.framework */ = {isa = PBXFileReference; lastKnownFileType = wrapper.framework; name = CloudKit.framework; path = System/Library/Frameworks/CloudKit.framework; sourceTree = SDKROOT; };
		B79257D32576CF0E00E07151 /* Break.swift */ = {isa = PBXFileReference; lastKnownFileType = sourcecode.swift; path = Break.swift; sourceTree = "<group>"; };
		B79257D72576CFD900E07151 /* UserData.swift */ = {isa = PBXFileReference; lastKnownFileType = sourcecode.swift; path = UserData.swift; sourceTree = "<group>"; };
		B79257DA2576D07500E07151 /* TimerData.swift */ = {isa = PBXFileReference; lastKnownFileType = sourcecode.swift; path = TimerData.swift; sourceTree = "<group>"; };
		B79257DD2576D0B700E07151 /* Sound Files */ = {isa = PBXFileReference; lastKnownFileType = folder; path = "Sound Files"; sourceTree = "<group>"; };
		B79257E02576D14E00E07151 /* NonWork.swift */ = {isa = PBXFileReference; lastKnownFileType = sourcecode.swift; path = NonWork.swift; sourceTree = "<group>"; };
		B79257E32576D24700E07151 /* Quotes.swift */ = {isa = PBXFileReference; lastKnownFileType = sourcecode.swift; path = Quotes.swift; sourceTree = "<group>"; };
		B79257E62576D24E00E07151 /* Game.swift */ = {isa = PBXFileReference; lastKnownFileType = sourcecode.swift; path = Game.swift; sourceTree = "<group>"; };
		B79257EA2576D89700E07151 /* QuoteApiData.swift */ = {isa = PBXFileReference; lastKnownFileType = sourcecode.swift; path = QuoteApiData.swift; sourceTree = "<group>"; };
		B79257EF2578317900E07151 /* TicketsList.swift */ = {isa = PBXFileReference; lastKnownFileType = sourcecode.swift; path = TicketsList.swift; sourceTree = "<group>"; };
		B79257F3257832D900E07151 /* Ticket.swift */ = {isa = PBXFileReference; lastKnownFileType = sourcecode.swift; path = Ticket.swift; sourceTree = "<group>"; };
		B79257FA2578338A00E07151 /* TicketData.swift */ = {isa = PBXFileReference; lastKnownFileType = sourcecode.swift; path = TicketData.swift; sourceTree = "<group>"; };
		B79257FD257833D300E07151 /* TicketStruct.swift */ = {isa = PBXFileReference; lastKnownFileType = sourcecode.swift; path = TicketStruct.swift; sourceTree = "<group>"; };
		B792580E2578379900E07151 /* TicketItem.swift */ = {isa = PBXFileReference; lastKnownFileType = sourcecode.swift; path = TicketItem.swift; sourceTree = "<group>"; };
		B792581225783A5F00E07151 /* TicketDetails.swift */ = {isa = PBXFileReference; lastKnownFileType = sourcecode.swift; path = TicketDetails.swift; sourceTree = "<group>"; };
		B79258152578831900E07151 /* AddTicket.swift */ = {isa = PBXFileReference; lastKnownFileType = sourcecode.swift; path = AddTicket.swift; sourceTree = "<group>"; };
		B792581C2579641700E07151 /* UtilityFunctions.swift */ = {isa = PBXFileReference; lastKnownFileType = sourcecode.swift; path = UtilityFunctions.swift; sourceTree = "<group>"; };
/* End PBXFileReference section */

/* Begin PBXFrameworksBuildPhase section */
		B711D76125618ED600F8158B /* Frameworks */ = {
			isa = PBXFrameworksBuildPhase;
			buildActionMask = 2147483647;
			files = (
				B79257C52566324400E07151 /* CloudKit.framework in Frameworks */,
				B76967AC258086F600CBE4AC /* SwiftUICharts in Frameworks */,
			);
			runOnlyForDeploymentPostprocessing = 0;
		};
		B76967B425809CFE00CBE4AC /* Frameworks */ = {
			isa = PBXFrameworksBuildPhase;
			buildActionMask = 2147483647;
			files = (
				B76967BB25809CFE00CBE4AC /* SwiftUI.framework in Frameworks */,
				B76967B925809CFE00CBE4AC /* WidgetKit.framework in Frameworks */,
			);
			runOnlyForDeploymentPostprocessing = 0;
		};
/* End PBXFrameworksBuildPhase section */

/* Begin PBXGroup section */
		6951BE742578BADD00272C2D /* Startup Views */ = {
			isa = PBXGroup;
			children = (
				B711D76B25618ED600F8158B /* ContentView.swift */,
				6951BE752578BC0600272C2D /* MainView.swift */,
				6951BE782578BD5A00272C2D /* LoginView.swift */,
			);
			name = "Startup Views";
			sourceTree = "<group>";
		};
		6951BE7B2578BEB500272C2D /* Settings */ = {
			isa = PBXGroup;
			children = (
				6951BE7C2578BEC600272C2D /* Settings.swift */,
				6951BE7F2578BED100272C2D /* PasswordReset.swift */,
			);
			name = Settings;
			sourceTree = "<group>";
		};
		6951BEDE257E4F8800272C2D /* Take or Pick Photo */ = {
			isa = PBXGroup;
			children = (
				6951BEDF257E4FAD00272C2D /* PhotoCaptureView.swift */,
				6951BEE3257E4FB700272C2D /* ImagePicker.swift */,
			);
			name = "Take or Pick Photo";
			sourceTree = "<group>";
		};
		B711D75B25618ED600F8158B = {
			isa = PBXGroup;
			children = (
				B711D76625618ED600F8158B /* Agile Suite */,
				B76967BC25809CFE00CBE4AC /* Agile Suite Widget */,
				B711D76525618ED600F8158B /* Products */,
				B79257C32566324400E07151 /* Frameworks */,
				B7925818257961F100E07151 /* Recovered References */,
			);
			sourceTree = "<group>";
		};
		B711D76525618ED600F8158B /* Products */ = {
			isa = PBXGroup;
			children = (
				B711D76425618ED600F8158B /* Agile Suite.app */,
				B76967B725809CFE00CBE4AC /* Agile Suite WidgetExtension.appex */,
			);
			name = Products;
			sourceTree = "<group>";
		};
		B711D76625618ED600F8158B /* Agile Suite */ = {
			isa = PBXGroup;
			children = (
				6951BEDE257E4F8800272C2D /* Take or Pick Photo */,
				B79257E92576D88400E07151 /* API Data */,
				B79257DD2576D0B700E07151 /* Sound Files */,
				B711D783256194AD00F8158B /* Tab Bar Views */,
				B711D782256194A100F8158B /* Supporting Files */,
				B711D7812561949A00F8158B /* Core Data Model */,
				B711D7802561947A00F8158B /* Data Model */,
				B711D77F2561947100F8158B /* Delegates */,
				B711D77025618ED700F8158B /* Assets.xcassets */,
				B711D77525618ED700F8158B /* LaunchScreen.storyboard */,
				B711D77825618ED700F8158B /* Info.plist */,
				B711D77225618ED700F8158B /* Preview Content */,
			);
			path = "Agile Suite";
			sourceTree = "<group>";
		};
		B711D77225618ED700F8158B /* Preview Content */ = {
			isa = PBXGroup;
			children = (
				B711D77325618ED700F8158B /* Preview Assets.xcassets */,
			);
			path = "Preview Content";
			sourceTree = "<group>";
		};
		B711D77F2561947100F8158B /* Delegates */ = {
			isa = PBXGroup;
			children = (
				B711D76925618ED600F8158B /* SceneDelegate.swift */,
				B711D76725618ED600F8158B /* AppDelegate.swift */,
			);
			name = Delegates;
			sourceTree = "<group>";
		};
		B711D7802561947A00F8158B /* Data Model */ = {
			isa = PBXGroup;
			children = (
				6951BEC2257DE9BD00272C2D /* TicketData.json */,
				6951BE842579427B00272C2D /* PastProjectsData.json */,
				B79257FA2578338A00E07151 /* TicketData.swift */,
				B79257FD257833D300E07151 /* TicketStruct.swift */,
				B711D7872561952000F8158B /* QuoteStruct.swift */,
				B79257D72576CFD900E07151 /* UserData.swift */,
				B79257DA2576D07500E07151 /* TimerData.swift */,
				6951BE872579485900272C2D /* PastProjectStruct.swift */,
				B7696716257C5C7000CBE4AC /* StatsData.swift */,
				6951BEC5257DEC7E00272C2D /* PastProjectsData.swift */,
			);
			name = "Data Model";
			sourceTree = "<group>";
		};
		B711D7812561949A00F8158B /* Core Data Model */ = {
			isa = PBXGroup;
			children = (
				B79257F3257832D900E07151 /* Ticket.swift */,
				6951BE8A257949F900272C2D /* Project.swift */,
				6951BE8D25794A8D00272C2D /* Photo.swift */,
				6951BE9025794AEA00272C2D /* Audio.swift */,
				B76967062579688000CBE4AC /* Agile_Suite.xcdatamodeld */,
				B7696713257C3E5B00CBE4AC /* Statistics.swift */,
			);
			name = "Core Data Model";
			sourceTree = "<group>";
		};
		B711D782256194A100F8158B /* Supporting Files */ = {
			isa = PBXGroup;
			children = (
				B792581C2579641700E07151 /* UtilityFunctions.swift */,
				6951BED7257E36A300272C2D /* PhotoImageFromBinaryData.swift */,
				6951BEDA257E37B400272C2D /* NavigationStyle.swift */,
			);
			name = "Supporting Files";
			sourceTree = "<group>";
		};
		B711D783256194AD00F8158B /* Tab Bar Views */ = {
			isa = PBXGroup;
			children = (
				B76967952580768E00CBE4AC /* Past Projects */,
				B7696719257C5DA100CBE4AC /* Statistics */,
				B79257EE257830E200E07151 /* Tickets */,
				6951BE7B2578BEB500272C2D /* Settings */,
				6951BE742578BADD00272C2D /* Startup Views */,
				B79257D22576CE5D00E07151 /* Break */,
			);
			name = "Tab Bar Views";
			sourceTree = "<group>";
		};
		B7696719257C5DA100CBE4AC /* Statistics */ = {
			isa = PBXGroup;
			children = (
				B769671A257C5DCB00CBE4AC /* Graphs.swift */,
			);
			name = Statistics;
			sourceTree = "<group>";
		};
		B76967952580768E00CBE4AC /* Past Projects */ = {
			isa = PBXGroup;
			children = (
				B769679F2580771700CBE4AC /* ProjectsList.swift */,
				B769679C2580770800CBE4AC /* ProjectItem.swift */,
				B7696799258076F600CBE4AC /* ProjectDetails.swift */,
				B7696796258076DB00CBE4AC /* AddProject.swift */,
			);
			name = "Past Projects";
			sourceTree = "<group>";
		};
		B76967BC25809CFE00CBE4AC /* Agile Suite Widget */ = {
			isa = PBXGroup;
			children = (
				B76967BD25809CFE00CBE4AC /* Agile_Suite_Widget.swift */,
				B76967BF25809CFE00CBE4AC /* Agile_Suite_Widget.intentdefinition */,
				B76967C025809D0000CBE4AC /* Assets.xcassets */,
				B76967C225809D0000CBE4AC /* Info.plist */,
			);
			path = "Agile Suite Widget";
			sourceTree = "<group>";
		};
		B79257C32566324400E07151 /* Frameworks */ = {
			isa = PBXGroup;
			children = (
				B79257C42566324400E07151 /* CloudKit.framework */,
				B76967B825809CFE00CBE4AC /* WidgetKit.framework */,
				B76967BA25809CFE00CBE4AC /* SwiftUI.framework */,
			);
			name = Frameworks;
			sourceTree = "<group>";
		};
		B79257D22576CE5D00E07151 /* Break */ = {
			isa = PBXGroup;
			children = (
				B79257D32576CF0E00E07151 /* Break.swift */,
				B79257E02576D14E00E07151 /* NonWork.swift */,
				B79257E32576D24700E07151 /* Quotes.swift */,
				B79257E62576D24E00E07151 /* Game.swift */,
			);
			name = Break;
			sourceTree = "<group>";
		};
		B79257E92576D88400E07151 /* API Data */ = {
			isa = PBXGroup;
			children = (
				B79257EA2576D89700E07151 /* QuoteApiData.swift */,
				B76967A725807CCF00CBE4AC /* ChartApiData.swift */,
			);
			name = "API Data";
			sourceTree = "<group>";
		};
		B79257EE257830E200E07151 /* Tickets */ = {
			isa = PBXGroup;
			children = (
				B79257EF2578317900E07151 /* TicketsList.swift */,
				B792580E2578379900E07151 /* TicketItem.swift */,
				B792581225783A5F00E07151 /* TicketDetails.swift */,
				B79258152578831900E07151 /* AddTicket.swift */,
			);
			name = Tickets;
			sourceTree = "<group>";
		};
		B7925818257961F100E07151 /* Recovered References */ = {
			isa = PBXGroup;
			children = (
			);
			name = "Recovered References";
			sourceTree = "<group>";
		};
/* End PBXGroup section */

/* Begin PBXNativeTarget section */
		B711D76325618ED600F8158B /* Agile Suite */ = {
			isa = PBXNativeTarget;
			buildConfigurationList = B711D77B25618ED700F8158B /* Build configuration list for PBXNativeTarget "Agile Suite" */;
			buildPhases = (
				B711D76025618ED600F8158B /* Sources */,
				B711D76125618ED600F8158B /* Frameworks */,
				B711D76225618ED600F8158B /* Resources */,
				B76967C825809D0000CBE4AC /* Embed App Extensions */,
			);
			buildRules = (
			);
			dependencies = (
				B76967C625809D0000CBE4AC /* PBXTargetDependency */,
			);
			name = "Agile Suite";
			packageProductDependencies = (
				B76967AB258086F600CBE4AC /* SwiftUICharts */,
			);
			productName = "Agile Suite";
			productReference = B711D76425618ED600F8158B /* Agile Suite.app */;
			productType = "com.apple.product-type.application";
		};
		B76967B625809CFE00CBE4AC /* Agile Suite WidgetExtension */ = {
			isa = PBXNativeTarget;
			buildConfigurationList = B76967CB25809D0000CBE4AC /* Build configuration list for PBXNativeTarget "Agile Suite WidgetExtension" */;
			buildPhases = (
				B76967B325809CFE00CBE4AC /* Sources */,
				B76967B425809CFE00CBE4AC /* Frameworks */,
				B76967B525809CFE00CBE4AC /* Resources */,
			);
			buildRules = (
			);
			dependencies = (
			);
			name = "Agile Suite WidgetExtension";
			productName = "Agile Suite WidgetExtension";
			productReference = B76967B725809CFE00CBE4AC /* Agile Suite WidgetExtension.appex */;
			productType = "com.apple.product-type.app-extension";
		};
/* End PBXNativeTarget section */

/* Begin PBXProject section */
		B711D75C25618ED600F8158B /* Project object */ = {
			isa = PBXProject;
			attributes = {
				LastSwiftUpdateCheck = 1220;
				LastUpgradeCheck = 1220;
				ORGANIZATIONNAME = "Nathan Moeliono, Tommy Phan, Mariam Naseem";
				TargetAttributes = {
					B711D76325618ED600F8158B = {
						CreatedOnToolsVersion = 12.2;
					};
					B76967B625809CFE00CBE4AC = {
						CreatedOnToolsVersion = 12.2;
					};
				};
			};
			buildConfigurationList = B711D75F25618ED600F8158B /* Build configuration list for PBXProject "Agile Suite" */;
			compatibilityVersion = "Xcode 9.3";
			developmentRegion = en;
			hasScannedForEncodings = 0;
			knownRegions = (
				en,
				Base,
			);
			mainGroup = B711D75B25618ED600F8158B;
			packageReferences = (
				B76967AA258086F600CBE4AC /* XCRemoteSwiftPackageReference "ChartView" */,
			);
			productRefGroup = B711D76525618ED600F8158B /* Products */;
			projectDirPath = "";
			projectRoot = "";
			targets = (
				B711D76325618ED600F8158B /* Agile Suite */,
				B76967B625809CFE00CBE4AC /* Agile Suite WidgetExtension */,
			);
		};
/* End PBXProject section */

/* Begin PBXResourcesBuildPhase section */
		B711D76225618ED600F8158B /* Resources */ = {
			isa = PBXResourcesBuildPhase;
			buildActionMask = 2147483647;
			files = (
				B711D77725618ED700F8158B /* LaunchScreen.storyboard in Resources */,
				6951BE852579427B00272C2D /* PastProjectsData.json in Resources */,
				B711D77425618ED700F8158B /* Preview Assets.xcassets in Resources */,
				B711D77125618ED700F8158B /* Assets.xcassets in Resources */,
				B79257DE2576D0B700E07151 /* Sound Files in Resources */,
				6951BEC3257DE9BD00272C2D /* TicketData.json in Resources */,
			);
			runOnlyForDeploymentPostprocessing = 0;
		};
		B76967B525809CFE00CBE4AC /* Resources */ = {
			isa = PBXResourcesBuildPhase;
			buildActionMask = 2147483647;
			files = (
				B76967C125809D0000CBE4AC /* Assets.xcassets in Resources */,
			);
			runOnlyForDeploymentPostprocessing = 0;
		};
/* End PBXResourcesBuildPhase section */

/* Begin PBXSourcesBuildPhase section */
		B711D76025618ED600F8158B /* Sources */ = {
			isa = PBXSourcesBuildPhase;
			buildActionMask = 2147483647;
			files = (
				B711D76825618ED600F8158B /* AppDelegate.swift in Sources */,
				6951BE762578BC0600272C2D /* MainView.swift in Sources */,
				6951BE882579485900272C2D /* PastProjectStruct.swift in Sources */,
				B7696717257C5C7000CBE4AC /* StatsData.swift in Sources */,
				B79257D42576CF0E00E07151 /* Break.swift in Sources */,
				6951BE9125794AEA00272C2D /* Audio.swift in Sources */,
				B79257E42576D24700E07151 /* Quotes.swift in Sources */,
				6951BE802578BED100272C2D /* PasswordReset.swift in Sources */,
				B76967082579688000CBE4AC /* Agile_Suite.xcdatamodeld in Sources */,
				B79257D82576CFD900E07151 /* UserData.swift in Sources */,
				B769671B257C5DCB00CBE4AC /* Graphs.swift in Sources */,
				6951BEE0257E4FAD00272C2D /* PhotoCaptureView.swift in Sources */,
				B711D76A25618ED600F8158B /* SceneDelegate.swift in Sources */,
				B79257F4257832D900E07151 /* Ticket.swift in Sources */,
				B76967C425809D0000CBE4AC /* Agile_Suite_Widget.intentdefinition in Sources */,
				B79257FE257833D300E07151 /* TicketStruct.swift in Sources */,
				B769679A258076F600CBE4AC /* ProjectDetails.swift in Sources */,
				B711D76C25618ED600F8158B /* ContentView.swift in Sources */,
				B792580F2578379900E07151 /* TicketItem.swift in Sources */,
				B792581D2579641700E07151 /* UtilityFunctions.swift in Sources */,
				B79257E72576D24E00E07151 /* Game.swift in Sources */,
				6951BE792578BD5A00272C2D /* LoginView.swift in Sources */,
				6951BEE4257E4FB700272C2D /* ImagePicker.swift in Sources */,
				B769679D2580770800CBE4AC /* ProjectItem.swift in Sources */,
				6951BE7D2578BEC600272C2D /* Settings.swift in Sources */,
				6951BE8E25794A8D00272C2D /* Photo.swift in Sources */,
				B79257EB2576D89700E07151 /* QuoteApiData.swift in Sources */,
				B79258162578831900E07151 /* AddTicket.swift in Sources */,
				B79257FB2578338A00E07151 /* TicketData.swift in Sources */,
				B79257DB2576D07500E07151 /* TimerData.swift in Sources */,
				B79257F02578317900E07151 /* TicketsList.swift in Sources */,
				B7696714257C3E5B00CBE4AC /* Statistics.swift in Sources */,
				6951BEDB257E37B400272C2D /* NavigationStyle.swift in Sources */,
				B79257E12576D14E00E07151 /* NonWork.swift in Sources */,
				6951BED8257E36A300272C2D /* PhotoImageFromBinaryData.swift in Sources */,
				B76967A825807CCF00CBE4AC /* ChartApiData.swift in Sources */,
				B711D7882561952000F8158B /* QuoteStruct.swift in Sources */,
				B792581325783A5F00E07151 /* TicketDetails.swift in Sources */,
				6951BEC6257DEC7E00272C2D /* PastProjectsData.swift in Sources */,
				6951BE8B257949F900272C2D /* Project.swift in Sources */,
				B7696797258076DB00CBE4AC /* AddProject.swift in Sources */,
				B76967A02580771700CBE4AC /* ProjectsList.swift in Sources */,
			);
			runOnlyForDeploymentPostprocessing = 0;
		};
		B76967B325809CFE00CBE4AC /* Sources */ = {
			isa = PBXSourcesBuildPhase;
			buildActionMask = 2147483647;
			files = (
				B76967C325809D0000CBE4AC /* Agile_Suite_Widget.intentdefinition in Sources */,
				B76967BE25809CFE00CBE4AC /* Agile_Suite_Widget.swift in Sources */,
			);
			runOnlyForDeploymentPostprocessing = 0;
		};
/* End PBXSourcesBuildPhase section */

/* Begin PBXTargetDependency section */
		B76967C625809D0000CBE4AC /* PBXTargetDependency */ = {
			isa = PBXTargetDependency;
			target = B76967B625809CFE00CBE4AC /* Agile Suite WidgetExtension */;
			targetProxy = B76967C525809D0000CBE4AC /* PBXContainerItemProxy */;
		};
/* End PBXTargetDependency section */

/* Begin PBXVariantGroup section */
		B711D77525618ED700F8158B /* LaunchScreen.storyboard */ = {
			isa = PBXVariantGroup;
			children = (
				B711D77625618ED700F8158B /* Base */,
			);
			name = LaunchScreen.storyboard;
			sourceTree = "<group>";
		};
/* End PBXVariantGroup section */

/* Begin XCBuildConfiguration section */
		B711D77925618ED700F8158B /* Debug */ = {
			isa = XCBuildConfiguration;
			buildSettings = {
				ALWAYS_SEARCH_USER_PATHS = NO;
				CLANG_ANALYZER_NONNULL = YES;
				CLANG_ANALYZER_NUMBER_OBJECT_CONVERSION = YES_AGGRESSIVE;
				CLANG_CXX_LANGUAGE_STANDARD = "gnu++14";
				CLANG_CXX_LIBRARY = "libc++";
				CLANG_ENABLE_MODULES = YES;
				CLANG_ENABLE_OBJC_ARC = YES;
				CLANG_ENABLE_OBJC_WEAK = YES;
				CLANG_WARN_BLOCK_CAPTURE_AUTORELEASING = YES;
				CLANG_WARN_BOOL_CONVERSION = YES;
				CLANG_WARN_COMMA = YES;
				CLANG_WARN_CONSTANT_CONVERSION = YES;
				CLANG_WARN_DEPRECATED_OBJC_IMPLEMENTATIONS = YES;
				CLANG_WARN_DIRECT_OBJC_ISA_USAGE = YES_ERROR;
				CLANG_WARN_DOCUMENTATION_COMMENTS = YES;
				CLANG_WARN_EMPTY_BODY = YES;
				CLANG_WARN_ENUM_CONVERSION = YES;
				CLANG_WARN_INFINITE_RECURSION = YES;
				CLANG_WARN_INT_CONVERSION = YES;
				CLANG_WARN_NON_LITERAL_NULL_CONVERSION = YES;
				CLANG_WARN_OBJC_IMPLICIT_RETAIN_SELF = YES;
				CLANG_WARN_OBJC_LITERAL_CONVERSION = YES;
				CLANG_WARN_OBJC_ROOT_CLASS = YES_ERROR;
				CLANG_WARN_QUOTED_INCLUDE_IN_FRAMEWORK_HEADER = YES;
				CLANG_WARN_RANGE_LOOP_ANALYSIS = YES;
				CLANG_WARN_STRICT_PROTOTYPES = YES;
				CLANG_WARN_SUSPICIOUS_MOVE = YES;
				CLANG_WARN_UNGUARDED_AVAILABILITY = YES_AGGRESSIVE;
				CLANG_WARN_UNREACHABLE_CODE = YES;
				CLANG_WARN__DUPLICATE_METHOD_MATCH = YES;
				COPY_PHASE_STRIP = NO;
				DEBUG_INFORMATION_FORMAT = dwarf;
				ENABLE_STRICT_OBJC_MSGSEND = YES;
				ENABLE_TESTABILITY = YES;
				GCC_C_LANGUAGE_STANDARD = gnu11;
				GCC_DYNAMIC_NO_PIC = NO;
				GCC_NO_COMMON_BLOCKS = YES;
				GCC_OPTIMIZATION_LEVEL = 0;
				GCC_PREPROCESSOR_DEFINITIONS = (
					"DEBUG=1",
					"$(inherited)",
				);
				GCC_WARN_64_TO_32_BIT_CONVERSION = YES;
				GCC_WARN_ABOUT_RETURN_TYPE = YES_ERROR;
				GCC_WARN_UNDECLARED_SELECTOR = YES;
				GCC_WARN_UNINITIALIZED_AUTOS = YES_AGGRESSIVE;
				GCC_WARN_UNUSED_FUNCTION = YES;
				GCC_WARN_UNUSED_VARIABLE = YES;
				IPHONEOS_DEPLOYMENT_TARGET = 14.2;
				MTL_ENABLE_DEBUG_INFO = INCLUDE_SOURCE;
				MTL_FAST_MATH = YES;
				ONLY_ACTIVE_ARCH = YES;
				SDKROOT = iphoneos;
				SWIFT_ACTIVE_COMPILATION_CONDITIONS = DEBUG;
				SWIFT_OPTIMIZATION_LEVEL = "-Onone";
			};
			name = Debug;
		};
		B711D77A25618ED700F8158B /* Release */ = {
			isa = XCBuildConfiguration;
			buildSettings = {
				ALWAYS_SEARCH_USER_PATHS = NO;
				CLANG_ANALYZER_NONNULL = YES;
				CLANG_ANALYZER_NUMBER_OBJECT_CONVERSION = YES_AGGRESSIVE;
				CLANG_CXX_LANGUAGE_STANDARD = "gnu++14";
				CLANG_CXX_LIBRARY = "libc++";
				CLANG_ENABLE_MODULES = YES;
				CLANG_ENABLE_OBJC_ARC = YES;
				CLANG_ENABLE_OBJC_WEAK = YES;
				CLANG_WARN_BLOCK_CAPTURE_AUTORELEASING = YES;
				CLANG_WARN_BOOL_CONVERSION = YES;
				CLANG_WARN_COMMA = YES;
				CLANG_WARN_CONSTANT_CONVERSION = YES;
				CLANG_WARN_DEPRECATED_OBJC_IMPLEMENTATIONS = YES;
				CLANG_WARN_DIRECT_OBJC_ISA_USAGE = YES_ERROR;
				CLANG_WARN_DOCUMENTATION_COMMENTS = YES;
				CLANG_WARN_EMPTY_BODY = YES;
				CLANG_WARN_ENUM_CONVERSION = YES;
				CLANG_WARN_INFINITE_RECURSION = YES;
				CLANG_WARN_INT_CONVERSION = YES;
				CLANG_WARN_NON_LITERAL_NULL_CONVERSION = YES;
				CLANG_WARN_OBJC_IMPLICIT_RETAIN_SELF = YES;
				CLANG_WARN_OBJC_LITERAL_CONVERSION = YES;
				CLANG_WARN_OBJC_ROOT_CLASS = YES_ERROR;
				CLANG_WARN_QUOTED_INCLUDE_IN_FRAMEWORK_HEADER = YES;
				CLANG_WARN_RANGE_LOOP_ANALYSIS = YES;
				CLANG_WARN_STRICT_PROTOTYPES = YES;
				CLANG_WARN_SUSPICIOUS_MOVE = YES;
				CLANG_WARN_UNGUARDED_AVAILABILITY = YES_AGGRESSIVE;
				CLANG_WARN_UNREACHABLE_CODE = YES;
				CLANG_WARN__DUPLICATE_METHOD_MATCH = YES;
				COPY_PHASE_STRIP = NO;
				DEBUG_INFORMATION_FORMAT = "dwarf-with-dsym";
				ENABLE_NS_ASSERTIONS = NO;
				ENABLE_STRICT_OBJC_MSGSEND = YES;
				GCC_C_LANGUAGE_STANDARD = gnu11;
				GCC_NO_COMMON_BLOCKS = YES;
				GCC_WARN_64_TO_32_BIT_CONVERSION = YES;
				GCC_WARN_ABOUT_RETURN_TYPE = YES_ERROR;
				GCC_WARN_UNDECLARED_SELECTOR = YES;
				GCC_WARN_UNINITIALIZED_AUTOS = YES_AGGRESSIVE;
				GCC_WARN_UNUSED_FUNCTION = YES;
				GCC_WARN_UNUSED_VARIABLE = YES;
				IPHONEOS_DEPLOYMENT_TARGET = 14.2;
				MTL_ENABLE_DEBUG_INFO = NO;
				MTL_FAST_MATH = YES;
				SDKROOT = iphoneos;
				SWIFT_COMPILATION_MODE = wholemodule;
				SWIFT_OPTIMIZATION_LEVEL = "-O";
				VALIDATE_PRODUCT = YES;
			};
			name = Release;
		};
		B711D77C25618ED700F8158B /* Debug */ = {
			isa = XCBuildConfiguration;
			buildSettings = {
				ALWAYS_EMBED_SWIFT_STANDARD_LIBRARIES = YES;
				ASSETCATALOG_COMPILER_APPICON_NAME = AppIcon;
				ASSETCATALOG_COMPILER_GLOBAL_ACCENT_COLOR_NAME = AccentColor;
				CODE_SIGN_ENTITLEMENTS = "Agile Suite/Agile Suite.entitlements";
				CODE_SIGN_IDENTITY = "iPhone Developer";
				CODE_SIGN_STYLE = Manual;
				DEVELOPMENT_ASSET_PATHS = "\"Agile Suite/Preview Content\"";
				DEVELOPMENT_TEAM = 9P3KC5LPCS;
				ENABLE_PREVIEWS = YES;
				INFOPLIST_FILE = "Agile Suite/Info.plist";
				LD_RUNPATH_SEARCH_PATHS = (
					"$(inherited)",
					"@executable_path/Frameworks",
				);
				PRODUCT_BUNDLE_IDENTIFIER = "com.nathanmoeliono.Agile-Suite";
				PRODUCT_NAME = "$(TARGET_NAME)";
				PROVISIONING_PROFILE_SPECIFIER = "CS3714 Provisioning Profile";
				SWIFT_VERSION = 5.0;
				TARGETED_DEVICE_FAMILY = "1,2";
			};
			name = Debug;
		};
		B711D77D25618ED700F8158B /* Release */ = {
			isa = XCBuildConfiguration;
			buildSettings = {
				ALWAYS_EMBED_SWIFT_STANDARD_LIBRARIES = YES;
				ASSETCATALOG_COMPILER_APPICON_NAME = AppIcon;
				ASSETCATALOG_COMPILER_GLOBAL_ACCENT_COLOR_NAME = AccentColor;
				CODE_SIGN_ENTITLEMENTS = "Agile Suite/Agile Suite.entitlements";
				CODE_SIGN_IDENTITY = "iPhone Developer";
				CODE_SIGN_STYLE = Manual;
				DEVELOPMENT_ASSET_PATHS = "\"Agile Suite/Preview Content\"";
				DEVELOPMENT_TEAM = 9P3KC5LPCS;
				ENABLE_PREVIEWS = YES;
				INFOPLIST_FILE = "Agile Suite/Info.plist";
				LD_RUNPATH_SEARCH_PATHS = (
					"$(inherited)",
					"@executable_path/Frameworks",
				);
				PRODUCT_BUNDLE_IDENTIFIER = "com.nathanmoeliono.Agile-Suite";
				PRODUCT_NAME = "$(TARGET_NAME)";
				PROVISIONING_PROFILE_SPECIFIER = "CS3714 Provisioning Profile";
				SWIFT_VERSION = 5.0;
				TARGETED_DEVICE_FAMILY = "1,2";
			};
			name = Release;
		};
		B76967C925809D0000CBE4AC /* Debug */ = {
			isa = XCBuildConfiguration;
			buildSettings = {
				ASSETCATALOG_COMPILER_GLOBAL_ACCENT_COLOR_NAME = AccentColor;
				ASSETCATALOG_COMPILER_WIDGET_BACKGROUND_COLOR_NAME = WidgetBackground;
				CODE_SIGN_IDENTITY = "Apple Development";
				CODE_SIGN_STYLE = Automatic;
				DEVELOPMENT_TEAM = 9P3KC5LPCS;
				INFOPLIST_FILE = "Agile Suite Widget/Info.plist";
				LD_RUNPATH_SEARCH_PATHS = (
					"$(inherited)",
					"@executable_path/Frameworks",
					"@executable_path/../../Frameworks",
				);
				PRODUCT_BUNDLE_IDENTIFIER = "com.nathanmoeliono.Agile-Suite.Agile-Suite-Widget";
				PRODUCT_NAME = "$(TARGET_NAME)";
				SKIP_INSTALL = YES;
				SWIFT_VERSION = 5.0;
				TARGETED_DEVICE_FAMILY = "1,2";
			};
			name = Debug;
		};
		B76967CA25809D0000CBE4AC /* Release */ = {
			isa = XCBuildConfiguration;
			buildSettings = {
				ASSETCATALOG_COMPILER_GLOBAL_ACCENT_COLOR_NAME = AccentColor;
				ASSETCATALOG_COMPILER_WIDGET_BACKGROUND_COLOR_NAME = WidgetBackground;
				CODE_SIGN_IDENTITY = "Apple Development";
				CODE_SIGN_STYLE = Automatic;
				DEVELOPMENT_TEAM = 9P3KC5LPCS;
				INFOPLIST_FILE = "Agile Suite Widget/Info.plist";
				LD_RUNPATH_SEARCH_PATHS = (
					"$(inherited)",
					"@executable_path/Frameworks",
					"@executable_path/../../Frameworks",
				);
				PRODUCT_BUNDLE_IDENTIFIER = "com.nathanmoeliono.Agile-Suite.Agile-Suite-Widget";
				PRODUCT_NAME = "$(TARGET_NAME)";
				SKIP_INSTALL = YES;
				SWIFT_VERSION = 5.0;
				TARGETED_DEVICE_FAMILY = "1,2";
			};
			name = Release;
		};
/* End XCBuildConfiguration section */

/* Begin XCConfigurationList section */
		B711D75F25618ED600F8158B /* Build configuration list for PBXProject "Agile Suite" */ = {
			isa = XCConfigurationList;
			buildConfigurations = (
				B711D77925618ED700F8158B /* Debug */,
				B711D77A25618ED700F8158B /* Release */,
			);
			defaultConfigurationIsVisible = 0;
			defaultConfigurationName = Release;
		};
		B711D77B25618ED700F8158B /* Build configuration list for PBXNativeTarget "Agile Suite" */ = {
			isa = XCConfigurationList;
			buildConfigurations = (
				B711D77C25618ED700F8158B /* Debug */,
				B711D77D25618ED700F8158B /* Release */,
			);
			defaultConfigurationIsVisible = 0;
			defaultConfigurationName = Release;
		};
		B76967CB25809D0000CBE4AC /* Build configuration list for PBXNativeTarget "Agile Suite WidgetExtension" */ = {
			isa = XCConfigurationList;
			buildConfigurations = (
				B76967C925809D0000CBE4AC /* Debug */,
				B76967CA25809D0000CBE4AC /* Release */,
			);
			defaultConfigurationIsVisible = 0;
			defaultConfigurationName = Release;
		};
/* End XCConfigurationList section */

/* Begin XCRemoteSwiftPackageReference section */
		B76967AA258086F600CBE4AC /* XCRemoteSwiftPackageReference "ChartView" */ = {
			isa = XCRemoteSwiftPackageReference;
			repositoryURL = "https://github.com/AppPear/ChartView";
			requirement = {
				kind = upToNextMajorVersion;
				minimumVersion = 1.5.4;
			};
		};
/* End XCRemoteSwiftPackageReference section */

/* Begin XCSwiftPackageProductDependency section */
		B76967AB258086F600CBE4AC /* SwiftUICharts */ = {
			isa = XCSwiftPackageProductDependency;
			package = B76967AA258086F600CBE4AC /* XCRemoteSwiftPackageReference "ChartView" */;
			productName = SwiftUICharts;
		};
/* End XCSwiftPackageProductDependency section */

/* Begin XCVersionGroup section */
		B76967062579688000CBE4AC /* Agile_Suite.xcdatamodeld */ = {
			isa = XCVersionGroup;
			children = (
				B76967072579688000CBE4AC /* Agile_Suite.xcdatamodel */,
			);
			currentVersion = B76967072579688000CBE4AC /* Agile_Suite.xcdatamodel */;
			path = Agile_Suite.xcdatamodeld;
			sourceTree = "<group>";
			versionGroupType = wrapper.xcdatamodel;
		};
/* End XCVersionGroup section */
	};
	rootObject = B711D75C25618ED600F8158B /* Project object */;
}
